PODS:
  - Alamofire (5.4.3)
  - AlamofireImage (4.2.0):
    - Alamofire (~> 5.4)
  - CocoaLumberjack (3.7.2):
    - CocoaLumberjack/Core (= 3.7.2)
  - CocoaLumberjack/Core (3.7.2)
  - Mocker (2.5.2)
  - SwiftLint (0.43.1)
  - Swinject (2.7.1)

DEPENDENCIES:
  - Alamofire
  - AlamofireImage
  - CocoaLumberjack
  - Mocker
  - SwiftLint
  - Swinject

SPEC REPOS:
  trunk:
    - Alamofire
    - AlamofireImage
    - CocoaLumberjack
    - Mocker
    - SwiftLint
    - Swinject

SPEC CHECKSUMS:
  Alamofire: e447a2774a40c996748296fa2c55112fdbbc42f9
  AlamofireImage: 34a2d90b0e5fe6a5605f85ae4b7b01e784c60192
  CocoaLumberjack: b7e05132ff94f6ae4dfa9d5bce9141893a21d9da
  Mocker: 304831b890144a47bd2858714041f7d4a304016d
  SwiftLint: 99f82d07b837b942dd563c668de129a03fc3fb52
  Swinject: ddf78b8486dd9b71a667b852cad919ab4484478e

PODFILE CHECKSUM: 6afb5d14dc8d5140a752518b0e3bb8869a7d0e1a

COCOAPODS: 1.10.1
