PODS:
  - Alamofire (5.4.2)
  - AlamofireImage (4.2.0):
    - Alamofire (~> 5.4)
  - CocoaLumberjack (3.7.2):
    - CocoaLumberjack/Core (= 3.7.2)
  - CocoaLumberjack/Core (3.7.2)
  - Swinject (2.7.1)

DEPENDENCIES:
  - Alamofire
  - AlamofireImage
  - CocoaLumberjack
  - Swinject

SPEC REPOS:
  trunk:
    - Alamofire
    - AlamofireImage
    - CocoaLumberjack
    - Swinject

SPEC CHECKSUMS:
  Alamofire: bfbc4c2fe5909b1d94fb4ef2277c6b3727ef5dae
  AlamofireImage: 34a2d90b0e5fe6a5605f85ae4b7b01e784c60192
  CocoaLumberjack: b7e05132ff94f6ae4dfa9d5bce9141893a21d9da
  Swinject: ddf78b8486dd9b71a667b852cad919ab4484478e

PODFILE CHECKSUM: 5397b9bd0656d6fedb07b1bbc53840e3ccac8312

COCOAPODS: 1.10.1
